# This file is autogenerated, do not edit; changes may be undone by the next 'dep ensure'.


[[projects]]
  digest = "1:a1499af25bb52d06c91a4a01b702cefa2f1b7017f55aafdda46251be399230af"
  name = "github.com/aws/aws-lambda-go"
  packages = ["events"]
  pruneopts = "UT"
  revision = "c67fadea00272ce2b8227d4ca900da882b290694"
  version = "v1.17.0"

[solve-meta]
  analyzer-name = "dep"
  analyzer-version = 1
  input-imports = ["github.com/aws/aws-lambda-go/events"]
  solver-name = "gps-cdcl"
  solver-version = 1
