# This file is autogenerated, do not edit; changes may be undone by the next 'dep ensure'.


[[projects]]
  digest = "1:a1499af25bb52d06c91a4a01b702cefa2f1b7017f55aafdda46251be399230af"
  name = "github.com/aws/aws-lambda-go"
  packages = ["events"]
  pruneopts = "UT"
  revision = "0b4291abb39e9a4d0697814cfc97b72dd4e8eb8b"
  version = "v1.18.0"

[[projects]]
  digest = "1:639e9c72e4394b786ee52d7dc248f06eee5a2c48658218fc8a9ce64513d4b6d8"
  name = "github.com/qri-io/jsonpointer"
  packages = ["."]
  pruneopts = "UT"
  revision = "d7bf6a8decdffbc01aec9d49b33fc589041b3335"
  version = "v0.1.1"

[[projects]]
  digest = "1:fab61677e4a13f7c7a459217b96a2fda1784bb40c23cd676bf584781552f37bd"
  name = "github.com/qri-io/jsonschema"
  packages = ["."]
  pruneopts = "UT"
  revision = "e7af1ef3d02d4371e1b816fade3c834a55679db3"
  version = "v0.2.0"

[solve-meta]
  analyzer-name = "dep"
  analyzer-version = 1
  input-imports = [
    "github.com/aws/aws-lambda-go/events",
    "github.com/qri-io/jsonschema",
  ]
  solver-name = "gps-cdcl"
  solver-version = 1
